apiVersion: vendir.k14s.io/v1alpha1
directories:
- contents:
  - git:
      commitTitle: 'Merge pull request #83 from imjoseangel/dependabot/terraform/hashicorp/azurerm-tw-3.66.0...'
      sha: f63211c7cb64ef591156b34770521876901dd4cb
      tags:
      - 22.2.6-57-gf63211c
    path: appserviceplan
  - git:
      commitTitle: 'Merge pull request #99 from imjoseangel/dependabot/terraform/hashicorp/azurerm-tw-3.66.0...'
      sha: 29b9531f32ad2d9334b49513db9209fb83a594b7
      tags:
      - 22.2.6-79-g29b9531
    path: appservice
  path: modules
kind: LockConfig
